version: 6
environments:
  default:
    channels:
    - url: https://conda.anaconda.org/conda-forge/
    packages:
      linux-64:
      - conda: https://conda.anaconda.org/conda-forge/linux-64/_libgcc_mutex-0.1-conda_forge.tar.bz2
      - conda: https://conda.anaconda.org/conda-forge/linux-64/_openmp_mutex-4.5-2_gnu.tar.bz2
      - conda: https://conda.anaconda.org/conda-forge/linux-64/binutils_impl_linux-64-2.43-h4bf12b8_4.conda
      - conda: https://conda.anaconda.org/conda-forge/linux-64/gcc_impl_linux-64-15.1.0-h4393ad2_2.conda
      - conda: https://conda.anaconda.org/conda-forge/noarch/kernel-headers_linux-64-3.10.0-he073ed8_18.conda
      - conda: https://conda.anaconda.org/conda-forge/linux-64/ld_impl_linux-64-2.43-h712a8e2_4.conda
      - conda: https://conda.anaconda.org/conda-forge/linux-64/libgcc-15.1.0-h767d61c_2.conda
      - conda: https://conda.anaconda.org/conda-forge/noarch/libgcc-devel_linux-64-15.1.0-h4c094af_102.conda
      - conda: https://conda.anaconda.org/conda-forge/linux-64/libgomp-15.1.0-h767d61c_2.conda
      - conda: https://conda.anaconda.org/conda-forge/linux-64/libsanitizer-15.1.0-h97b714f_2.conda
      - conda: https://conda.anaconda.org/conda-forge/linux-64/libstdcxx-15.1.0-h8f9b012_2.conda
      - conda: https://conda.anaconda.org/conda-forge/linux-64/libzlib-1.3.1-hb9d3cd8_2.conda
      - conda: https://conda.anaconda.org/conda-forge/linux-64/rust-1.86.0-h1a8d7c4_0.conda
      - conda: https://conda.anaconda.org/conda-forge/noarch/rust-std-x86_64-unknown-linux-gnu-1.86.0-h2c6d0dc_0.conda
      - conda: https://conda.anaconda.org/conda-forge/noarch/sysroot_linux-64-2.17-h0157908_18.conda
      - conda: https://conda.anaconda.org/conda-forge/noarch/tzdata-2025b-h78e105d_0.conda
      osx-64:
      - conda: https://conda.anaconda.org/conda-forge/osx-64/rust-1.86.0-h34a2095_0.conda
      - conda: https://conda.anaconda.org/conda-forge/noarch/rust-std-x86_64-apple-darwin-1.86.0-h38e4360_0.conda
      osx-arm64:
      - conda: https://conda.anaconda.org/conda-forge/osx-arm64/rust-1.86.0-h4ff7c5d_0.conda
      - conda: https://conda.anaconda.org/conda-forge/noarch/rust-std-aarch64-apple-darwin-1.86.0-hf6ec828_0.conda
      win-64:
      - conda: https://conda.anaconda.org/conda-forge/win-64/rust-1.86.0-hf8d6059_0.conda
      - conda: https://conda.anaconda.org/conda-forge/noarch/rust-std-x86_64-pc-windows-msvc-1.86.0-h17fc481_0.conda
packages:
- conda: https://conda.anaconda.org/conda-forge/linux-64/_libgcc_mutex-0.1-conda_forge.tar.bz2
  sha256: fe51de6107f9edc7aa4f786a70f4a883943bc9d39b3bb7307c04c41410990726
  md5: d7c89558ba9fa0495403155b64376d81
  license: None
  size: 2562
  timestamp: 1578324546067
- conda: https://conda.anaconda.org/conda-forge/linux-64/_openmp_mutex-4.5-2_gnu.tar.bz2
  build_number: 16
  sha256: fbe2c5e56a653bebb982eda4876a9178aedfc2b545f25d0ce9c4c0b508253d22
  md5: 73aaf86a425cc6e73fcf236a5a46396d
  depends:
  - _libgcc_mutex 0.1 conda_forge
  - libgomp >=7.5.0
  constrains:
  - openmp_impl 9999
  license: BSD-3-Clause
  license_family: BSD
  size: 23621
  timestamp: 1650670423406
- conda: https://conda.anaconda.org/conda-forge/linux-64/binutils_impl_linux-64-2.43-h4bf12b8_4.conda
  sha256: 194d771be287dc973f6057c0747010ce28adf960f38d6e03ce3e828d7b74833e
  md5: ef67db625ad0d2dce398837102f875ed
  depends:
  - ld_impl_linux-64 2.43 h712a8e2_4
  - sysroot_linux-64
  license: GPL-3.0-only
  license_family: GPL
  size: 6111717
  timestamp: 1740155471052
- conda: https://conda.anaconda.org/conda-forge/linux-64/gcc_impl_linux-64-15.1.0-h4393ad2_2.conda
  sha256: 99c545b842edd356d907c51ccd6f894ef6db042c6ebebefd14eb844f53ff8f73
  md5: 240c2af59f95792f60193c1cb9ee42c5
  depends:
  - binutils_impl_linux-64 >=2.40
  - libgcc >=15.1.0
  - libgcc-devel_linux-64 15.1.0 h4c094af_102
  - libgomp >=15.1.0
  - libsanitizer 15.1.0 h97b714f_2
  - libstdcxx >=15.1.0
  - sysroot_linux-64
  license: GPL-3.0-only WITH GCC-exception-3.1
  size: 76467375
  timestamp: 1746642316078
- conda: https://conda.anaconda.org/conda-forge/noarch/kernel-headers_linux-64-3.10.0-he073ed8_18.conda
  sha256: a922841ad80bd7b222502e65c07ecb67e4176c4fa5b03678a005f39fcc98be4b
  md5: ad8527bf134a90e1c9ed35fa0b64318c
  constrains:
  - sysroot_linux-64 ==2.17
  license: LGPL-2.0-or-later AND LGPL-2.0-or-later WITH exceptions AND GPL-2.0-or-later AND MPL-2.0
  license_family: GPL
  size: 943486
  timestamp: 1729794504440
- conda: https://conda.anaconda.org/conda-forge/linux-64/ld_impl_linux-64-2.43-h712a8e2_4.conda
  sha256: db73f38155d901a610b2320525b9dd3b31e4949215c870685fd92ea61b5ce472
  md5: 01f8d123c96816249efd255a31ad7712
  depends:
  - __glibc >=2.17,<3.0.a0
  constrains:
  - binutils_impl_linux-64 2.43
  license: GPL-3.0-only
  license_family: GPL
  size: 671240
  timestamp: 1740155456116
- conda: https://conda.anaconda.org/conda-forge/linux-64/libgcc-15.1.0-h767d61c_2.conda
  sha256: 0024f9ab34c09629621aefd8603ef77bf9d708129b0dd79029e502c39ffc2195
  md5: ea8ac52380885ed41c1baa8f1d6d2b93
  depends:
  - __glibc >=2.17,<3.0.a0
  - _openmp_mutex >=4.5
  constrains:
  - libgcc-ng ==15.1.0=*_2
  - libgomp 15.1.0 h767d61c_2
  license: GPL-3.0-only WITH GCC-exception-3.1
  size: 829108
  timestamp: 1746642191935
- conda: https://conda.anaconda.org/conda-forge/noarch/libgcc-devel_linux-64-15.1.0-h4c094af_102.conda
  sha256: f379980c3d48ceabf8ade0ebc5bdb4acd41e4b1c89023b673deb212e51b7a7f6
  md5: c49792270935d4024aef12f8e49f0f9c
  depends:
  - __unix
  license: GPL-3.0-only WITH GCC-exception-3.1
  size: 2733483
  timestamp: 1746642098272
- conda: https://conda.anaconda.org/conda-forge/linux-64/libgomp-15.1.0-h767d61c_2.conda
  sha256: 05fff3dc7e80579bc28de13b511baec281c4343d703c406aefd54389959154fb
  md5: fbe7d535ff9d3a168c148e07358cd5b1
  depends:
  - __glibc >=2.17,<3.0.a0
  license: GPL-3.0-only WITH GCC-exception-3.1
  size: 452635
  timestamp: 1746642113092
- conda: https://conda.anaconda.org/conda-forge/linux-64/libsanitizer-15.1.0-h97b714f_2.conda
  sha256: 3f573329431523b2510b9374f4048d87bb603536bc63f66910cd47b5347ea37f
  md5: 4de6cfe35a4736a63e4f59602a8ebeec
  depends:
  - __glibc >=2.17,<3.0.a0
  - libgcc >=15.1.0
  - libstdcxx >=15.1.0
  license: GPL-3.0-only WITH GCC-exception-3.1
  size: 4539916
  timestamp: 1746642248624
- conda: https://conda.anaconda.org/conda-forge/linux-64/libstdcxx-15.1.0-h8f9b012_2.conda
  sha256: 6ae3d153e78f6069d503d9309f2cac6de5b93d067fc6433160a4c05226a5dad4
  md5: 1cb1c67961f6dd257eae9e9691b341aa
  depends:
  - __glibc >=2.17,<3.0.a0
  - libgcc 15.1.0 h767d61c_2
  license: GPL-3.0-only WITH GCC-exception-3.1
  size: 3902355
  timestamp: 1746642227493
- conda: https://conda.anaconda.org/conda-forge/linux-64/libzlib-1.3.1-hb9d3cd8_2.conda
  sha256: d4bfe88d7cb447768e31650f06257995601f89076080e76df55e3112d4e47dc4
  md5: edb0dca6bc32e4f4789199455a1dbeb8
  depends:
  - __glibc >=2.17,<3.0.a0
  - libgcc >=13
  constrains:
  - zlib 1.3.1 *_2
  license: Zlib
  license_family: Other
  size: 60963
  timestamp: 1727963148474
- conda: https://conda.anaconda.org/conda-forge/linux-64/rust-1.86.0-h1a8d7c4_0.conda
  sha256: fa3b6757df927a24c3006bc5bffbac5b0c9a54b9755c08847f8a832ec1b79300
  md5: 98eab8148e1447e79f9e03492d04e291
  depends:
  - __glibc >=2.17,<3.0.a0
  - gcc_impl_linux-64
  - libgcc >=13
  - libzlib >=1.3.1,<2.0a0
  - rust-std-x86_64-unknown-linux-gnu 1.86.0 h2c6d0dc_0
  - sysroot_linux-64 >=2.17
  license: MIT
  license_family: MIT
  size: 218638108
  timestamp: 1743697775334
- conda: https://conda.anaconda.org/conda-forge/osx-64/rust-1.86.0-h34a2095_0.conda
  sha256: 69b7d7eb9f6b3aaf84a09f5e07f16aa9bcbf52aec8364f572d96668d2a1c6bf1
  md5: a9991a60df5a93e7c87ff17e5c306499
  depends:
  - rust-std-x86_64-apple-darwin 1.86.0 h38e4360_0
  license: MIT
  license_family: MIT
  size: 232864569
  timestamp: 1743697077267
- conda: https://conda.anaconda.org/conda-forge/osx-arm64/rust-1.86.0-h4ff7c5d_0.conda
  sha256: 84eed612b108a2ac5db2eb76c5f2cd596fec8e21a3cb1eb478080d74a39fab13
  md5: 05c1a701cdb550b46e0526c2453b7337
  depends:
  - rust-std-aarch64-apple-darwin 1.86.0 hf6ec828_0
  license: MIT
  license_family: MIT
  size: 224722205
  timestamp: 1743697077568
- conda: https://conda.anaconda.org/conda-forge/win-64/rust-1.86.0-hf8d6059_0.conda
  sha256: acb32e2aebf79a07b7ccd0d4c8eed49ea0c45e62489b3cd8c609314ee12a5a7d
  md5: 6b65d15fe703b59d2f1c7e2693db5bbf
  depends:
  - rust-std-x86_64-pc-windows-msvc 1.86.0 h17fc481_0
  license: MIT
  license_family: MIT
  size: 228028589
  timestamp: 1743699306537
- conda: https://conda.anaconda.org/conda-forge/noarch/rust-std-aarch64-apple-darwin-1.86.0-hf6ec828_0.conda
  sha256: 13ece700416fd30628019ee589b8de01a66991c2ff583e876057309cd4a0b59a
  md5: e1a76ff63763cf04e06eca94978b9dd0
  depends:
  - __unix
  constrains:
  - rust >=1.86.0,<1.86.1.0a0
  license: MIT
  license_family: MIT
  size: 32999893
  timestamp: 1743696811586
- conda: https://conda.anaconda.org/conda-forge/noarch/rust-std-x86_64-apple-darwin-1.86.0-h38e4360_0.conda
  sha256: 21f363d82ff18cf4532edd793258890f16c78bcb62d09720ec8077c80b5b3e21
  md5: bf9600640e706037e6b095f910f797fb
  depends:
  - __unix
  constrains:
  - rust >=1.86.0,<1.86.1.0a0
  license: MIT
  license_family: MIT
  size: 34776293
  timestamp: 1743696857590
- conda: https://conda.anaconda.org/conda-forge/noarch/rust-std-x86_64-pc-windows-msvc-1.86.0-h17fc481_0.conda
  sha256: e5f9d2507e78d2508613480ffff586e70fc181351b46999c67387fe4c31df53f
  md5: 7c621ff4a342c29e465c92bd6d464cb3
  depends:
  - __win
  constrains:
  - rust >=1.86.0,<1.86.1.0a0
  license: MIT
  license_family: MIT
  size: 28054537
  timestamp: 1743699089031
- conda: https://conda.anaconda.org/conda-forge/noarch/rust-std-x86_64-unknown-linux-gnu-1.86.0-h2c6d0dc_0.conda
  sha256: 8c1c68b7a8ce9657fea7d266607c21c9a00a382c346348a232e539c8a3266e84
  md5: 2fcc4c775a50bd2ce3ccb8dc56e4fb47
  depends:
  - __unix
  constrains:
  - rust >=1.86.0,<1.86.1.0a0
  license: MIT
  license_family: MIT
  size: 37636509
  timestamp: 1743697574868
- conda: https://conda.anaconda.org/conda-forge/noarch/sysroot_linux-64-2.17-h0157908_18.conda
  sha256: 69ab5804bdd2e8e493d5709eebff382a72fab3e9af6adf93a237ccf8f7dbd624
  md5: 460eba7851277ec1fd80a1a24080787a
  depends:
  - kernel-headers_linux-64 3.10.0 he073ed8_18
  - tzdata
  license: LGPL-2.0-or-later AND LGPL-2.0-or-later WITH exceptions AND GPL-2.0-or-later AND MPL-2.0
  license_family: GPL
  size: 15166921
  timestamp: 1735290488259
- conda: https://conda.anaconda.org/conda-forge/noarch/tzdata-2025b-h78e105d_0.conda
  sha256: 5aaa366385d716557e365f0a4e9c3fca43ba196872abbbe3d56bb610d131e192
  md5: 4222072737ccff51314b5ece9c7d6f5a
  license: LicenseRef-Public-Domain
  size: 122968
  timestamp: 1742727099393
